
Microsoft Visual Studio Solution File, Format Version 12.00
# Visual Studio Version 17
VisualStudioVersion = 17.2.32630.192
MinimumVisualStudioVersion = 10.0.40219.1
Project("{FAE04EC0-301F-11D3-BF4B-00C04F79EFBC}") = "Task1", "Task1\Task1.csproj", "{ADC154F1-E5B7-4CD3-B59E-2885C34BEA89}"
EndProject
Global
	GlobalSection(SolutionConfigurationPlatforms) = preSolution
		Debug|Any CPU = Debug|Any CPU
		Release|Any CPU = Release|Any CPU
	EndGlobalSection
	GlobalSection(ProjectConfigurationPlatforms) = postSolution
		{ADC154F1-E5B7-4CD3-B59E-2885C34BEA89}.Debug|Any CPU.ActiveCfg = Debug|Any CPU
		{ADC154F1-E5B7-4CD3-B59E-2885C34BEA89}.Debug|Any CPU.Build.0 = Debug|Any CPU
		{ADC154F1-E5B7-4CD3-B59E-2885C34BEA89}.Release|Any CPU.ActiveCfg = Release|Any CPU
		{ADC154F1-E5B7-4CD3-B59E-2885C34BEA89}.Release|Any CPU.Build.0 = Release|Any CPU
	EndGlobalSection
	GlobalSection(SolutionProperties) = preSolution
		HideSolutionNode = FALSE
	EndGlobalSection
	GlobalSection(ExtensibilityGlobals) = postSolution
		SolutionGuid = {BCC410C6-A4B5-4272-974F-C84630AFA2DB}
	EndGlobalSection
EndGlobal
